
Microsoft Visual Studio Solution File, Format Version 12.00
Project("{FAE04EC0-301F-11D3-BF4B-00C04F79EFBC}") = "aoc-2024", "aoc-2024.csproj", "{46B3D5E1-5B7A-4325-93AC-F4AFE391BBFD}"
EndProject
Global
	GlobalSection(SolutionConfigurationPlatforms) = preSolution
		Debug|Any CPU = Debug|Any CPU
		Release|Any CPU = Release|Any CPU
	EndGlobalSection
	GlobalSection(ProjectConfigurationPlatforms) = postSolution
		{46B3D5E1-5B7A-4325-93AC-F4AFE391BBFD}.Debug|Any CPU.ActiveCfg = Debug|Any CPU
		{46B3D5E1-5B7A-4325-93AC-F4AFE391BBFD}.Debug|Any CPU.Build.0 = Debug|Any CPU
		{46B3D5E1-5B7A-4325-93AC-F4AFE391BBFD}.Release|Any CPU.ActiveCfg = Release|Any CPU
		{46B3D5E1-5B7A-4325-93AC-F4AFE391BBFD}.Release|Any CPU.Build.0 = Release|Any CPU
	EndGlobalSection
EndGlobal
